
Microsoft Visual Studio Solution File, Format Version 12.00
# Visual Studio Version 17
VisualStudioVersion = 17.14.36518.9 d17.14
MinimumVisualStudioVersion = 10.0.40219.1
Project("{FAE04EC0-301F-11D3-BF4B-00C04F79EFBC}") = "Library Management System 2", "Library Management System 2.csproj", "{34B6992A-893F-410C-9FE9-802CAE957598}"
EndProject
Project("{FAE04EC0-301F-11D3-BF4B-00C04F79EFBC}") = "LibDataAccessLib", "BooksDataAccessLib\LibDataAccessLib.csproj", "{AEC194D6-E83D-40F1-BAA5-5871370752BE}"
EndProject
Project("{FAE04EC0-301F-11D3-BF4B-00C04F79EFBC}") = "LibBusinessLayer", "BusinessDataAccessLayer\LibBusinessLayer.csproj", "{388394C7-E9A7-43D0-82EA-A7C17D4BEF6C}"
EndProject
Global
	GlobalSection(SolutionConfigurationPlatforms) = preSolution
		Debug|Any CPU = Debug|Any CPU
		Release|Any CPU = Release|Any CPU
	EndGlobalSection
	GlobalSection(ProjectConfigurationPlatforms) = postSolution
		{34B6992A-893F-410C-9FE9-802CAE957598}.Debug|Any CPU.ActiveCfg = Debug|Any CPU
		{34B6992A-893F-410C-9FE9-802CAE957598}.Debug|Any CPU.Build.0 = Debug|Any CPU
		{34B6992A-893F-410C-9FE9-802CAE957598}.Release|Any CPU.ActiveCfg = Release|Any CPU
		{34B6992A-893F-410C-9FE9-802CAE957598}.Release|Any CPU.Build.0 = Release|Any CPU
		{AEC194D6-E83D-40F1-BAA5-5871370752BE}.Debug|Any CPU.ActiveCfg = Debug|Any CPU
		{AEC194D6-E83D-40F1-BAA5-5871370752BE}.Debug|Any CPU.Build.0 = Debug|Any CPU
		{AEC194D6-E83D-40F1-BAA5-5871370752BE}.Release|Any CPU.ActiveCfg = Release|Any CPU
		{AEC194D6-E83D-40F1-BAA5-5871370752BE}.Release|Any CPU.Build.0 = Release|Any CPU
		{388394C7-E9A7-43D0-82EA-A7C17D4BEF6C}.Debug|Any CPU.ActiveCfg = Debug|Any CPU
		{388394C7-E9A7-43D0-82EA-A7C17D4BEF6C}.Debug|Any CPU.Build.0 = Debug|Any CPU
		{388394C7-E9A7-43D0-82EA-A7C17D4BEF6C}.Release|Any CPU.ActiveCfg = Release|Any CPU
		{388394C7-E9A7-43D0-82EA-A7C17D4BEF6C}.Release|Any CPU.Build.0 = Release|Any CPU
	EndGlobalSection
	GlobalSection(SolutionProperties) = preSolution
		HideSolutionNode = FALSE
	EndGlobalSection
	GlobalSection(ExtensibilityGlobals) = postSolution
		SolutionGuid = {E0E99409-A0B2-4D81-8E8D-C98FE55A6278}
	EndGlobalSection
EndGlobal
